
Microsoft Visual Studio Solution File, Format Version 11.00
# Visual Studio 2010
Project("{FAE04EC0-301F-11D3-BF4B-00C04F79EFBC}") = "服务端", "服务端\服务端.csproj", "{9339E9ED-065E-4C4D-A5DA-859B31D8B607}"
EndProject
Global
	GlobalSection(SolutionConfigurationPlatforms) = preSolution
		Debug|x86 = Debug|x86
		Release|x86 = Release|x86
	EndGlobalSection
	GlobalSection(ProjectConfigurationPlatforms) = postSolution
		{9339E9ED-065E-4C4D-A5DA-859B31D8B607}.Debug|x86.ActiveCfg = Debug|x86
		{9339E9ED-065E-4C4D-A5DA-859B31D8B607}.Debug|x86.Build.0 = Debug|x86
		{9339E9ED-065E-4C4D-A5DA-859B31D8B607}.Release|x86.ActiveCfg = Release|x86
		{9339E9ED-065E-4C4D-A5DA-859B31D8B607}.Release|x86.Build.0 = Release|x86
	EndGlobalSection
	GlobalSection(SolutionProperties) = preSolution
		HideSolutionNode = FALSE
	EndGlobalSection
EndGlobal
