
Microsoft Visual Studio Solution File, Format Version 11.00
# Visual Studio 2010
Project("{8BC9CEB8-8B4A-11D0-8D11-00A0C91BC942}") = "thread_t", "thread_t\thread_t.vcxproj", "{1F894EE0-85FD-4473-8262-9A247E81BE94}"
EndProject
Global
	GlobalSection(SolutionConfigurationPlatforms) = preSolution
		Debug|Win32 = Debug|Win32
		Release|Win32 = Release|Win32
	EndGlobalSection
	GlobalSection(ProjectConfigurationPlatforms) = postSolution
		{1F894EE0-85FD-4473-8262-9A247E81BE94}.Debug|Win32.ActiveCfg = Debug|Win32
		{1F894EE0-85FD-4473-8262-9A247E81BE94}.Debug|Win32.Build.0 = Debug|Win32
		{1F894EE0-85FD-4473-8262-9A247E81BE94}.Release|Win32.ActiveCfg = Release|Win32
		{1F894EE0-85FD-4473-8262-9A247E81BE94}.Release|Win32.Build.0 = Release|Win32
	EndGlobalSection
	GlobalSection(SolutionProperties) = preSolution
		HideSolutionNode = FALSE
	EndGlobalSection
EndGlobal
