
Microsoft Visual Studio Solution File, Format Version 11.00
# Visual Studio 2010
Project("{8BC9CEB8-8B4A-11D0-8D11-00A0C91BC942}") = "fwq", "fwq\fwq.vcxproj", "{E9ED45C1-91D4-4FFC-A97A-5BD8E24947AE}"
EndProject
Global
	GlobalSection(SolutionConfigurationPlatforms) = preSolution
		Debug|Win32 = Debug|Win32
		Release|Win32 = Release|Win32
	EndGlobalSection
	GlobalSection(ProjectConfigurationPlatforms) = postSolution
		{E9ED45C1-91D4-4FFC-A97A-5BD8E24947AE}.Debug|Win32.ActiveCfg = Debug|Win32
		{E9ED45C1-91D4-4FFC-A97A-5BD8E24947AE}.Debug|Win32.Build.0 = Debug|Win32
		{E9ED45C1-91D4-4FFC-A97A-5BD8E24947AE}.Release|Win32.ActiveCfg = Release|Win32
		{E9ED45C1-91D4-4FFC-A97A-5BD8E24947AE}.Release|Win32.Build.0 = Release|Win32
	EndGlobalSection
	GlobalSection(SolutionProperties) = preSolution
		HideSolutionNode = FALSE
	EndGlobalSection
EndGlobal
