
Microsoft Visual Studio Solution File, Format Version 11.00
# Visual Studio 2010
Project("{54435603-DBB4-11D2-8724-00A0C9A8B90C}") = "YunGuanJia", "YunGuanJia\YunGuanJia.vdproj", "{DF88CC4A-B518-4874-8895-C18574B804CF}"
EndProject
Global
	GlobalSection(SolutionConfigurationPlatforms) = preSolution
		Debug|Default = Debug|Default
		Release|Default = Release|Default
	EndGlobalSection
	GlobalSection(ProjectConfigurationPlatforms) = postSolution
		{DF88CC4A-B518-4874-8895-C18574B804CF}.Debug|Default.ActiveCfg = Debug
		{DF88CC4A-B518-4874-8895-C18574B804CF}.Debug|Default.Build.0 = Debug
		{DF88CC4A-B518-4874-8895-C18574B804CF}.Release|Default.ActiveCfg = Release
		{DF88CC4A-B518-4874-8895-C18574B804CF}.Release|Default.Build.0 = Release
	EndGlobalSection
	GlobalSection(SolutionProperties) = preSolution
		HideSolutionNode = FALSE
	EndGlobalSection
EndGlobal
