
Microsoft Visual Studio Solution File, Format Version 11.00
# Visual Studio 2010
Project("{8BC9CEB8-8B4A-11D0-8D11-00A0C91BC942}") = "二进制中1的个数", "二进制中1的个数\二进制中1的个数.vcxproj", "{48B517D7-BA5D-4B4B-AFE6-AF03280BDC97}"
EndProject
Global
	GlobalSection(SolutionConfigurationPlatforms) = preSolution
		Debug|Win32 = Debug|Win32
		Release|Win32 = Release|Win32
	EndGlobalSection
	GlobalSection(ProjectConfigurationPlatforms) = postSolution
		{48B517D7-BA5D-4B4B-AFE6-AF03280BDC97}.Debug|Win32.ActiveCfg = Debug|Win32
		{48B517D7-BA5D-4B4B-AFE6-AF03280BDC97}.Debug|Win32.Build.0 = Debug|Win32
		{48B517D7-BA5D-4B4B-AFE6-AF03280BDC97}.Release|Win32.ActiveCfg = Release|Win32
		{48B517D7-BA5D-4B4B-AFE6-AF03280BDC97}.Release|Win32.Build.0 = Release|Win32
	EndGlobalSection
	GlobalSection(SolutionProperties) = preSolution
		HideSolutionNode = FALSE
	EndGlobalSection
EndGlobal
