
Microsoft Visual Studio Solution File, Format Version 11.00
# Visual Studio 2010
Project("{8BC9CEB8-8B4A-11D0-8D11-00A0C91BC942}") = "连续字数组最大和", "连续字数组最大和\连续字数组最大和.vcxproj", "{6D892511-38B8-444B-8B6A-13E4596AC4A4}"
EndProject
Global
	GlobalSection(SolutionConfigurationPlatforms) = preSolution
		Debug|Win32 = Debug|Win32
		Release|Win32 = Release|Win32
	EndGlobalSection
	GlobalSection(ProjectConfigurationPlatforms) = postSolution
		{6D892511-38B8-444B-8B6A-13E4596AC4A4}.Debug|Win32.ActiveCfg = Debug|Win32
		{6D892511-38B8-444B-8B6A-13E4596AC4A4}.Debug|Win32.Build.0 = Debug|Win32
		{6D892511-38B8-444B-8B6A-13E4596AC4A4}.Release|Win32.ActiveCfg = Release|Win32
		{6D892511-38B8-444B-8B6A-13E4596AC4A4}.Release|Win32.Build.0 = Release|Win32
	EndGlobalSection
	GlobalSection(SolutionProperties) = preSolution
		HideSolutionNode = FALSE
	EndGlobalSection
EndGlobal
